
Microsoft Visual Studio Solution File, Format Version 12.00
# Visual Studio Version 17
VisualStudioVersion = 17.5.33414.496
MinimumVisualStudioVersion = 10.0.40219.1
Project("{FAE04EC0-301F-11D3-BF4B-00C04F79EFBC}") = "Euklerian Cycle", "Euklerian Cycle\Euklerian Cycle.csproj", "{47BD1529-F47A-4C21-8A7B-5AFE919E71DD}"
EndProject
Global
	GlobalSection(SolutionConfigurationPlatforms) = preSolution
		Debug|Any CPU = Debug|Any CPU
		Release|Any CPU = Release|Any CPU
	EndGlobalSection
	GlobalSection(ProjectConfigurationPlatforms) = postSolution
		{47BD1529-F47A-4C21-8A7B-5AFE919E71DD}.Debug|Any CPU.ActiveCfg = Debug|Any CPU
		{47BD1529-F47A-4C21-8A7B-5AFE919E71DD}.Debug|Any CPU.Build.0 = Debug|Any CPU
		{47BD1529-F47A-4C21-8A7B-5AFE919E71DD}.Release|Any CPU.ActiveCfg = Release|Any CPU
		{47BD1529-F47A-4C21-8A7B-5AFE919E71DD}.Release|Any CPU.Build.0 = Release|Any CPU
	EndGlobalSection
	GlobalSection(SolutionProperties) = preSolution
		HideSolutionNode = FALSE
	EndGlobalSection
	GlobalSection(ExtensibilityGlobals) = postSolution
		SolutionGuid = {D24023E2-DD78-42BC-9F44-D09B1C6EED55}
	EndGlobalSection
EndGlobal
